
Microsoft Visual Studio Solution File, Format Version 12.00
# Visual Studio 15
VisualStudioVersion = 15.0.27130.2027
MinimumVisualStudioVersion = 10.0.40219.1
Project("{9A19103F-16F7-4668-BE54-9A1E7A4F7556}") = "ScheduleBot.AspHost", "ScheduleBot.AspHost\ScheduleBot.AspHost.csproj", "{0446457D-3E6F-4FDA-9A20-AAC4E2DF81F2}"
EndProject
Project("{9A19103F-16F7-4668-BE54-9A1E7A4F7556}") = "ScheduleServices.Core", "ScheduleServices.Core\ScheduleServices.Core.csproj", "{17AF3AD3-A2A6-439C-957B-20E71CCBBC0F}"
EndProject
Project("{2150E333-8FDC-42A3-9474-1A3956D46DE8}") = "Tests", "Tests", "{9E135A8A-A09F-4C3A-A553-0DF1A3642B7C}"
EndProject
Project("{9A19103F-16F7-4668-BE54-9A1E7A4F7556}") = "ScheduleServices.Core.Tests", "Tests\ScheduleServices.Core.Tests\ScheduleServices.Core.Tests.csproj", "{D78E7256-C399-4637-97D1-757D2F73CF87}"
EndProject
Project("{9A19103F-16F7-4668-BE54-9A1E7A4F7556}") = "MagicParser", "MagicParser\MagicParser.csproj", "{13506C33-2C8B-4876-968A-950A8DF6C2EC}"
EndProject
Project("{9A19103F-16F7-4668-BE54-9A1E7A4F7556}") = "ScheduleBot.AspHost.Tests", "ScheduleBot.AspHost.Tests\ScheduleBot.AspHost.Tests.csproj", "{C7A10173-AEB6-4E15-B374-2BDB2A681313}"
EndProject
Project("{9A19103F-16F7-4668-BE54-9A1E7A4F7556}") = "Telegram.Bot.Framework", "Telegram.Bot.Framework\Telegram.Bot.Framework.csproj", "{E59BC051-C401-46EA-82A0-86D2F3A05B91}"
EndProject
Global
	GlobalSection(SolutionConfigurationPlatforms) = preSolution
		Debug|Any CPU = Debug|Any CPU
		Release|Any CPU = Release|Any CPU
	EndGlobalSection
	GlobalSection(ProjectConfigurationPlatforms) = postSolution
		{0446457D-3E6F-4FDA-9A20-AAC4E2DF81F2}.Debug|Any CPU.ActiveCfg = Debug|Any CPU
		{0446457D-3E6F-4FDA-9A20-AAC4E2DF81F2}.Debug|Any CPU.Build.0 = Debug|Any CPU
		{0446457D-3E6F-4FDA-9A20-AAC4E2DF81F2}.Release|Any CPU.ActiveCfg = Release|Any CPU
		{0446457D-3E6F-4FDA-9A20-AAC4E2DF81F2}.Release|Any CPU.Build.0 = Release|Any CPU
		{17AF3AD3-A2A6-439C-957B-20E71CCBBC0F}.Debug|Any CPU.ActiveCfg = Debug|Any CPU
		{17AF3AD3-A2A6-439C-957B-20E71CCBBC0F}.Debug|Any CPU.Build.0 = Debug|Any CPU
		{17AF3AD3-A2A6-439C-957B-20E71CCBBC0F}.Release|Any CPU.ActiveCfg = Release|Any CPU
		{17AF3AD3-A2A6-439C-957B-20E71CCBBC0F}.Release|Any CPU.Build.0 = Release|Any CPU
		{D78E7256-C399-4637-97D1-757D2F73CF87}.Debug|Any CPU.ActiveCfg = Debug|Any CPU
		{D78E7256-C399-4637-97D1-757D2F73CF87}.Debug|Any CPU.Build.0 = Debug|Any CPU
		{D78E7256-C399-4637-97D1-757D2F73CF87}.Release|Any CPU.ActiveCfg = Release|Any CPU
		{D78E7256-C399-4637-97D1-757D2F73CF87}.Release|Any CPU.Build.0 = Release|Any CPU
		{13506C33-2C8B-4876-968A-950A8DF6C2EC}.Debug|Any CPU.ActiveCfg = Debug|Any CPU
		{13506C33-2C8B-4876-968A-950A8DF6C2EC}.Debug|Any CPU.Build.0 = Debug|Any CPU
		{13506C33-2C8B-4876-968A-950A8DF6C2EC}.Release|Any CPU.ActiveCfg = Release|Any CPU
		{13506C33-2C8B-4876-968A-950A8DF6C2EC}.Release|Any CPU.Build.0 = Release|Any CPU
		{C7A10173-AEB6-4E15-B374-2BDB2A681313}.Debug|Any CPU.ActiveCfg = Debug|Any CPU
		{C7A10173-AEB6-4E15-B374-2BDB2A681313}.Debug|Any CPU.Build.0 = Debug|Any CPU
		{C7A10173-AEB6-4E15-B374-2BDB2A681313}.Release|Any CPU.ActiveCfg = Release|Any CPU
		{C7A10173-AEB6-4E15-B374-2BDB2A681313}.Release|Any CPU.Build.0 = Release|Any CPU
		{E59BC051-C401-46EA-82A0-86D2F3A05B91}.Debug|Any CPU.ActiveCfg = Debug|Any CPU
		{E59BC051-C401-46EA-82A0-86D2F3A05B91}.Debug|Any CPU.Build.0 = Debug|Any CPU
		{E59BC051-C401-46EA-82A0-86D2F3A05B91}.Release|Any CPU.ActiveCfg = Release|Any CPU
		{E59BC051-C401-46EA-82A0-86D2F3A05B91}.Release|Any CPU.Build.0 = Release|Any CPU
	EndGlobalSection
	GlobalSection(SolutionProperties) = preSolution
		HideSolutionNode = FALSE
	EndGlobalSection
	GlobalSection(NestedProjects) = preSolution
		{D78E7256-C399-4637-97D1-757D2F73CF87} = {9E135A8A-A09F-4C3A-A553-0DF1A3642B7C}
		{C7A10173-AEB6-4E15-B374-2BDB2A681313} = {9E135A8A-A09F-4C3A-A553-0DF1A3642B7C}
	EndGlobalSection
	GlobalSection(ExtensibilityGlobals) = postSolution
		SolutionGuid = {D135E24D-AD53-48DA-A975-18D840B54C84}
	EndGlobalSection
EndGlobal
